{
  "name": "material-tax-reporting",
  "version": "0.0.0",
  "lockfileVersion": 3,
  "requires": true,
  "packages": {
    "": {
      "name": "material-tax-reporting",
      "version": "0.0.0",
      "license": "MIT",
      "workspaces": [
        "apps/*",
        "packages/*"
      ]
    },
    "apps/desktop": {
      "name": "@material-tax-reporting/desktop",
      "version": "0.0.0",
      "license": "MIT"
    },
    "apps/site": {
      "name": "@material-tax-reporting/site",
      "version": "0.0.0",
      "license": "MIT"
    },
    "node_modules/@material-tax-reporting/cra-pdf": {
      "resolved": "packages/cra-pdf",
      "link": true
    },
    "node_modules/@material-tax-reporting/desktop": {
      "resolved": "apps/desktop",
      "link": true
    },
    "node_modules/@material-tax-reporting/local-coding-assistants": {
      "resolved": "packages/local-coding-assistants",
      "link": true
    },
    "node_modules/@material-tax-reporting/site": {
      "resolved": "apps/site",
      "link": true
    },
    "node_modules/@material-tax-reporting/tax-domain": {
      "resolved": "packages/tax-domain",
      "link": true
    },
    "packages/cra-pdf": {
      "name": "@material-tax-reporting/cra-pdf",
      "version": "0.0.0",
      "license": "MIT"
    },
    "packages/local-coding-assistants": {
      "name": "@material-tax-reporting/local-coding-assistants",
      "version": "0.1.0",
      "license": "MIT"
    },
    "packages/tax-domain": {
      "name": "@material-tax-reporting/tax-domain",
      "version": "0.0.0",
      "license": "MIT"
    }
  }
}
